
Microsoft Visual Studio Solution File, Format Version 12.00
# Visual Studio Version 17
VisualStudioVersion = 17.5.33627.172
MinimumVisualStudioVersion = 10.0.40219.1
Project("{FAE04EC0-301F-11D3-BF4B-00C04F79EFBC}") = "DocuSign-HelloWorld", "DocuSign-HelloWorld\DocuSign-HelloWorld.csproj", "{5F3DA28F-01CD-4542-9C08-DB3AE21142FC}"
EndProject
Global
	GlobalSection(SolutionConfigurationPlatforms) = preSolution
		Debug|Any CPU = Debug|Any CPU
		Release|Any CPU = Release|Any CPU
	EndGlobalSection
	GlobalSection(ProjectConfigurationPlatforms) = postSolution
		{5F3DA28F-01CD-4542-9C08-DB3AE21142FC}.Debug|Any CPU.ActiveCfg = Debug|Any CPU
		{5F3DA28F-01CD-4542-9C08-DB3AE21142FC}.Debug|Any CPU.Build.0 = Debug|Any CPU
		{5F3DA28F-01CD-4542-9C08-DB3AE21142FC}.Release|Any CPU.ActiveCfg = Release|Any CPU
		{5F3DA28F-01CD-4542-9C08-DB3AE21142FC}.Release|Any CPU.Build.0 = Release|Any CPU
	EndGlobalSection
	GlobalSection(SolutionProperties) = preSolution
		HideSolutionNode = FALSE
	EndGlobalSection
	GlobalSection(ExtensibilityGlobals) = postSolution
		SolutionGuid = {A7F6566E-C098-4D59-A08B-182FDD1B6EB4}
	EndGlobalSection
EndGlobal
